{
  "version": 1,
  "dependencies": {
    "net9.0": {
      "CommunityToolkit.HighPerformance": {
        "type": "Direct",
        "requested": "[8.4.2, )",
        "resolved": "8.4.2",
        "contentHash": "2hmtrrU18x6NL3mbuAqwy0KpnoEEJOuK6sH5RKQfD/jHijn2pqvqBUC7WGy9dgNBL9BDA7eOC0kirsNPMp2f4Q=="
      },
      "MessagePack": {
        "type": "Direct",
        "requested": "[3.1.6, )",
        "resolved": "3.1.6",
        "contentHash": "c5M8C0Lrf6GdGiv01OCB86WEL5YDi7UdH5qsU+q7Q9WvqlhtE4kkJzzJpFufPbz+OULX8FGIB2qo/7CLQ6vizg==",
        "dependencies": {
          "MessagePack.Annotations": "3.1.6",
          "MessagePackAnalyzer": "3.1.6",
          "Microsoft.NET.StringTools": "17.11.4"
        }
      },
      "Microsoft.Data.Sqlite": {
        "type": "Direct",
        "requested": "[10.0.8, )",
        "resolved": "10.0.8",
        "contentHash": "iyDWyD6r/SnqgoYYQIlLhxL1ZIGZr+SByMXrJKSA1w7sOt7bPMJmN3h2laqwKqyQkjh/lUPJ7LTXwpvqzhggOQ==",
        "dependencies": {
          "Microsoft.Data.Sqlite.Core": "10.0.8",
          "SQLitePCLRaw.bundle_e_sqlite3": "2.1.11",
          "SQLitePCLRaw.core": "2.1.11"
        }
      },
      "Microsoft.Extensions.ObjectPool": {
        "type": "Direct",
        "requested": "[10.0.8, )",
        "resolved": "10.0.8",
        "contentHash": "aQBFbY8i/dacE0fP+ZJ8Lhx/unYRnGHhtM+tHb46GLkeNjBdOzgFk88sX6BVZBhoa6JrYIOBGYTc5K4WItBsag=="
      },
      "Microsoft.NET.StringTools": {
        "type": "Direct",
        "requested": "[18.4.0, )",
        "resolved": "18.4.0",
        "contentHash": "iQWOKi3L5QStmWqDjDubcr1KlTDy88qBTe88I0etlUUo1l0zSNebGJXl1Xetyl+ACA+ujP3YUtxo3Nz54JPriw==",
        "dependencies": {
          "System.Memory": "4.6.3",
          "System.Runtime.CompilerServices.Unsafe": "6.1.2"
        }
      },
      "NAudio.Wasapi": {
        "type": "Direct",
        "requested": "[2.3.0, )",
        "resolved": "2.3.0",
        "contentHash": "y5K2BxrLnvohgu5znzg5wRsai3YcuNXfrpo68i7PmCQqpK5MC/R24e5aO3OyN/XhfRr12e0QYV0OnUWEHi5SzA==",
        "dependencies": {
          "NAudio.Core": "2.3.0"
        }
      },
      "OpusSharp": {
        "type": "Direct",
        "requested": "[1.6.7, )",
        "resolved": "1.6.7",
        "contentHash": "nTYvrNARdRCqItV44MI5AcJBQ6/XqZJXl3LfJprbnluFyRzH5qHSS3rlEZEQKPOCByK+jpN22/zNi3j7V03F3w==",
        "dependencies": {
          "OpusSharp.Core": "1.6.1.3",
          "OpusSharp.Natives": "1.6.1.3"
        }
      },
      "Serilog": {
        "type": "Direct",
        "requested": "[4.3.1, )",
        "resolved": "4.3.1",
        "contentHash": "savYe7h5yRlkqBVOwP8cIRDOdqKiPmYCU4W87JH38sBmcKD5EBoXvQIw6bNEvZ/pTe1gsiye3VFCzBsoppGkXQ=="
      },
      "Serilog.Sinks.File": {
        "type": "Direct",
        "requested": "[7.0.0, )",
        "resolved": "7.0.0",
        "contentHash": "fKL7mXv7qaiNBUC71ssvn/dU0k9t0o45+qm2XgKAlSt19xF+ijjxyA3R6HmCgfKEKwfcfkwWjayuQtRueZFkYw==",
        "dependencies": {
          "Serilog": "4.2.0"
        }
      },
      "SourceGear.sqlite3": {
        "type": "Direct",
        "requested": "[3.50.4.5, )",
        "resolved": "3.50.4.5",
        "contentHash": "UtnipXhJYZKQOQIfpws/msLK7IRhMplE1CZCaZLIQXRnGD474QVpO/J9nMlQQY8NZueGz1aidjoxDRnrC1NT3Q=="
      },
      "SQLitePCLRaw.bundle_e_sqlite3": {
        "type": "Direct",
        "requested": "[3.0.3, )",
        "resolved": "3.0.3",
        "contentHash": "Zt8jmSL5zcDWGk8rmzhWBJ6IRyLWh1yWS04Pg72+GIvo3Ba4E/rG4Y/4l7AWlSEogEbzyKRTCXUAs1v/O7Pkkg==",
        "dependencies": {
          "SQLitePCLRaw.config.e_sqlite3": "3.0.3",
          "SourceGear.sqlite3": "3.50.4.5"
        }
      },
      "MessagePack.Annotations": {
        "type": "Transitive",
        "resolved": "3.1.6",
        "contentHash": "d0r/B7v1frvN6ElIgp5J5/cHeLADOK21qieHutimUpCWGcjhzOJV9glrItZO4E3dUcriMKX3Swsee3rFx9ouOw=="
      },
      "MessagePackAnalyzer": {
        "type": "Transitive",
        "resolved": "3.1.6",
        "contentHash": "7Ewqh8D5dAnF4XWy0q76eYFdNLIpDvQqLQOTfrWAGA35ARUB65mrrIES+J5Kw2FVwZGTjudeWh2FB89TC4YMyg=="
      },
      "Microsoft.Data.Sqlite.Core": {
        "type": "Transitive",
        "resolved": "10.0.8",
        "contentHash": "26t7WDiEjjAls/sFpWvVEFDxt+7Q5VPt6+blU2Lafuj9L8PzAv/GtGV4cqVPtrhWbfD2BX/z2v8hD1qXYtK6Aw==",
        "dependencies": {
          "SQLitePCLRaw.core": "2.1.11"
        }
      },
      "NAudio.Core": {
        "type": "Transitive",
        "resolved": "2.3.0",
        "contentHash": "jMd7r6dB6tAtXhOYL58ntPqwERNm1/Rhw5MKOIYvsnXzuX+PTGsa2VMam6n0npZYSwlSidKa4GAm4bFcXFUlcg=="
      },
      "OpusSharp.Core": {
        "type": "Transitive",
        "resolved": "1.6.1.3",
        "contentHash": "4cbbF6oK5yi2N4BBlOdNitl3V3GKY0F/LY5qxsUgVUKXuPg0pNo6eywIK+gTUYx/r8uzoiZbS3o6qolizxk4AQ=="
      },
      "OpusSharp.Natives": {
        "type": "Transitive",
        "resolved": "1.6.1.3",
        "contentHash": "ohS8ppBayHKeqfrFH3sxfwE+N9OvijVWfguY0oooRknTxXGcwGrai+8XmW3dydg+EsVjqvCi2/p1kuLcMsq/tg=="
      },
      "SQLitePCLRaw.config.e_sqlite3": {
        "type": "Transitive",
        "resolved": "3.0.3",
        "contentHash": "caP/ap0X2fyVmstCXu5ueOmcr2XWAxA2XyKghV7H4bOAFmq3nWcsGl9q44iY1HYG+i8Qr4G9XEqdfti0rV6/ZQ==",
        "dependencies": {
          "SQLitePCLRaw.provider.e_sqlite3": "3.0.3"
        }
      },
      "SQLitePCLRaw.core": {
        "type": "Transitive",
        "resolved": "3.0.3",
        "contentHash": "bjm6FY4lZyP+t7GmiuvSM0QXpFihAvyE0Y9O2yibm3g95AAWJPNnHOKVNJGyPTGIKuK7Pr4Wh8Rd8/aOtAclQw=="
      },
      "SQLitePCLRaw.provider.e_sqlite3": {
        "type": "Transitive",
        "resolved": "3.0.3",
        "contentHash": "wd+fGvZTrr3BJNe48opSczmC176Okd61ZgoZNQcdvZwkek6to978ccdpcFmNo5GHxCnk29KwT+f+lAZYgfLVZg==",
        "dependencies": {
          "SQLitePCLRaw.core": "3.0.3"
        }
      },
      "System.Memory": {
        "type": "Transitive",
        "resolved": "4.6.3",
        "contentHash": "qdcDOgnFZY40+Q9876JUHnlHu7bosOHX8XISRoH94fwk6hgaeQGSgfZd8srWRZNt5bV9ZW2TljcegDNxsf+96A=="
      },
      "System.Runtime.CompilerServices.Unsafe": {
        "type": "Transitive",
        "resolved": "6.1.2",
        "contentHash": "2hBr6zdbIBTDE3EhK7NSVNdX58uTK6iHW/P/Axmm9sl1xoGSLqDvMtpecn226TNwHByFokYwJmt/aQQNlO5CRw=="
      }
    }
  }
}